
Microsoft Visual Studio Solution File, Format Version 12.00
# Visual Studio Version 16
VisualStudioVersion = 16.0.33214.272
MinimumVisualStudioVersion = 10.0.40219.1
Project("{FAE04EC0-301F-11D3-BF4B-00C04F79EFBC}") = "ex2class", "ex2class\ex2class.csproj", "{539C1257-2DC9-4305-99D2-A1D628FE14D5}"
EndProject
Global
	GlobalSection(SolutionConfigurationPlatforms) = preSolution
		Debug|Any CPU = Debug|Any CPU
		Release|Any CPU = Release|Any CPU
	EndGlobalSection
	GlobalSection(ProjectConfigurationPlatforms) = postSolution
		{539C1257-2DC9-4305-99D2-A1D628FE14D5}.Debug|Any CPU.ActiveCfg = Debug|Any CPU
		{539C1257-2DC9-4305-99D2-A1D628FE14D5}.Debug|Any CPU.Build.0 = Debug|Any CPU
		{539C1257-2DC9-4305-99D2-A1D628FE14D5}.Release|Any CPU.ActiveCfg = Release|Any CPU
		{539C1257-2DC9-4305-99D2-A1D628FE14D5}.Release|Any CPU.Build.0 = Release|Any CPU
	EndGlobalSection
	GlobalSection(SolutionProperties) = preSolution
		HideSolutionNode = FALSE
	EndGlobalSection
	GlobalSection(ExtensibilityGlobals) = postSolution
		SolutionGuid = {0C5AAA25-70AD-4D70-912D-C0964B020E90}
	EndGlobalSection
EndGlobal
